
Microsoft Visual Studio Solution File, Format Version 12.00
# Visual Studio 14
VisualStudioVersion = 14.0.25420.1
MinimumVisualStudioVersion = 10.0.40219.1
Project("{FAE04EC0-301F-11D3-BF4B-00C04F79EFBC}") = "ComicSpider", "ComicSpider\ComicSpider.csproj", "{A895C6E1-02D2-4B18-9E74-B3CB2D13EF6A}"
EndProject
Project("{FAE04EC0-301F-11D3-BF4B-00C04F79EFBC}") = "Abot", "Abot\Abot.csproj", "{0CDCD537-4B0E-4514-966F-F425CDC92BA4}"
EndProject
Project("{FAE04EC0-301F-11D3-BF4B-00C04F79EFBC}") = "Abot.Demo", "Abot.Demo\Abot.Demo.csproj", "{79F27061-3258-4D87-9339-2684CC9D3D42}"
EndProject
Project("{FAE04EC0-301F-11D3-BF4B-00C04F79EFBC}") = "Abot.SiteSimulator", "Abot.SiteSimulator\Abot.SiteSimulator.csproj", "{48CBD934-4E30-4F48-ABD4-BC10EEA239A3}"
EndProject
Project("{FAE04EC0-301F-11D3-BF4B-00C04F79EFBC}") = "Abot.Tests.Unit", "Abot.Tests.Unit\Abot.Tests.Unit.csproj", "{61648674-8BE9-4CC6-BFFE-557C0CE54FAF}"
EndProject
Project("{2150E333-8FDC-42A3-9474-1A3956D46DE8}") = ".nuget", ".nuget", "{CEC72441-C52A-4CA3-B7FC-D7B37105C311}"
	ProjectSection(SolutionItems) = preProject
		..\ComicSpider_2\.nuget\NuGet.Config = ..\ComicSpider_2\.nuget\NuGet.Config
		..\ComicSpider_2\.nuget\NuGet.exe = ..\ComicSpider_2\.nuget\NuGet.exe
		..\ComicSpider_2\.nuget\NuGet.targets = ..\ComicSpider_2\.nuget\NuGet.targets
	EndProjectSection
EndProject
Project("{FAE04EC0-301F-11D3-BF4B-00C04F79EFBC}") = "ComicCrawler", "ComicCrawler\ComicCrawler.csproj", "{7ABE2001-E9B2-416C-A45D-031E8348C757}"
EndProject
Project("{FAE04EC0-301F-11D3-BF4B-00C04F79EFBC}") = "HtmlAgilityPack", "HtmlAgilityPack\HtmlAgilityPack.csproj", "{193BB801-054F-4729-9D5D-FCE1E32594BF}"
EndProject
Project("{FAE04EC0-301F-11D3-BF4B-00C04F79EFBC}") = "ComicData", "ComicData\ComicData.csproj", "{47700A74-867C-4F2E-898B-65FF973513DA}"
EndProject
Project("{FAE04EC0-301F-11D3-BF4B-00C04F79EFBC}") = "ComicBCL", "ComicBCL\ComicBCL.csproj", "{FDE9FAB3-A383-4E1B-87C1-9953B7D7C4F8}"
EndProject
Project("{FAE04EC0-301F-11D3-BF4B-00C04F79EFBC}") = "JSExecutionEngine", "JSExecutionEngine\JSExecutionEngine.csproj", "{1B066C82-C546-4692-98B3-4DB59F64A14E}"
EndProject
Project("{FAE04EC0-301F-11D3-BF4B-00C04F79EFBC}") = "CrawPageEngine", "CrawPageEngine\CrawPageEngine.csproj", "{1BB91C7D-67C1-4B67-8782-E20C41BBE6A6}"
EndProject
Global
	GlobalSection(SolutionConfigurationPlatforms) = preSolution
		Debug|Any CPU = Debug|Any CPU
		Release|Any CPU = Release|Any CPU
	EndGlobalSection
	GlobalSection(ProjectConfigurationPlatforms) = postSolution
		{A895C6E1-02D2-4B18-9E74-B3CB2D13EF6A}.Debug|Any CPU.ActiveCfg = Debug|Any CPU
		{A895C6E1-02D2-4B18-9E74-B3CB2D13EF6A}.Debug|Any CPU.Build.0 = Debug|Any CPU
		{A895C6E1-02D2-4B18-9E74-B3CB2D13EF6A}.Release|Any CPU.ActiveCfg = Release|Any CPU
		{A895C6E1-02D2-4B18-9E74-B3CB2D13EF6A}.Release|Any CPU.Build.0 = Release|Any CPU
		{0CDCD537-4B0E-4514-966F-F425CDC92BA4}.Debug|Any CPU.ActiveCfg = Debug|Any CPU
		{0CDCD537-4B0E-4514-966F-F425CDC92BA4}.Debug|Any CPU.Build.0 = Debug|Any CPU
		{0CDCD537-4B0E-4514-966F-F425CDC92BA4}.Release|Any CPU.ActiveCfg = Release|Any CPU
		{0CDCD537-4B0E-4514-966F-F425CDC92BA4}.Release|Any CPU.Build.0 = Release|Any CPU
		{79F27061-3258-4D87-9339-2684CC9D3D42}.Debug|Any CPU.ActiveCfg = Debug|Any CPU
		{79F27061-3258-4D87-9339-2684CC9D3D42}.Debug|Any CPU.Build.0 = Debug|Any CPU
		{79F27061-3258-4D87-9339-2684CC9D3D42}.Release|Any CPU.ActiveCfg = Release|Any CPU
		{79F27061-3258-4D87-9339-2684CC9D3D42}.Release|Any CPU.Build.0 = Release|Any CPU
		{48CBD934-4E30-4F48-ABD4-BC10EEA239A3}.Debug|Any CPU.ActiveCfg = Debug|Any CPU
		{48CBD934-4E30-4F48-ABD4-BC10EEA239A3}.Debug|Any CPU.Build.0 = Debug|Any CPU
		{48CBD934-4E30-4F48-ABD4-BC10EEA239A3}.Release|Any CPU.ActiveCfg = Release|Any CPU
		{48CBD934-4E30-4F48-ABD4-BC10EEA239A3}.Release|Any CPU.Build.0 = Release|Any CPU
		{61648674-8BE9-4CC6-BFFE-557C0CE54FAF}.Debug|Any CPU.ActiveCfg = Debug|Any CPU
		{61648674-8BE9-4CC6-BFFE-557C0CE54FAF}.Debug|Any CPU.Build.0 = Debug|Any CPU
		{61648674-8BE9-4CC6-BFFE-557C0CE54FAF}.Release|Any CPU.ActiveCfg = Release|Any CPU
		{61648674-8BE9-4CC6-BFFE-557C0CE54FAF}.Release|Any CPU.Build.0 = Release|Any CPU
		{7ABE2001-E9B2-416C-A45D-031E8348C757}.Debug|Any CPU.ActiveCfg = Debug|Any CPU
		{7ABE2001-E9B2-416C-A45D-031E8348C757}.Debug|Any CPU.Build.0 = Debug|Any CPU
		{7ABE2001-E9B2-416C-A45D-031E8348C757}.Release|Any CPU.ActiveCfg = Release|Any CPU
		{7ABE2001-E9B2-416C-A45D-031E8348C757}.Release|Any CPU.Build.0 = Release|Any CPU
		{193BB801-054F-4729-9D5D-FCE1E32594BF}.Debug|Any CPU.ActiveCfg = Debug|Any CPU
		{193BB801-054F-4729-9D5D-FCE1E32594BF}.Debug|Any CPU.Build.0 = Debug|Any CPU
		{193BB801-054F-4729-9D5D-FCE1E32594BF}.Release|Any CPU.ActiveCfg = Release|Any CPU
		{193BB801-054F-4729-9D5D-FCE1E32594BF}.Release|Any CPU.Build.0 = Release|Any CPU
		{47700A74-867C-4F2E-898B-65FF973513DA}.Debug|Any CPU.ActiveCfg = Debug|Any CPU
		{47700A74-867C-4F2E-898B-65FF973513DA}.Debug|Any CPU.Build.0 = Debug|Any CPU
		{47700A74-867C-4F2E-898B-65FF973513DA}.Release|Any CPU.ActiveCfg = Release|Any CPU
		{47700A74-867C-4F2E-898B-65FF973513DA}.Release|Any CPU.Build.0 = Release|Any CPU
		{FDE9FAB3-A383-4E1B-87C1-9953B7D7C4F8}.Debug|Any CPU.ActiveCfg = Debug|Any CPU
		{FDE9FAB3-A383-4E1B-87C1-9953B7D7C4F8}.Debug|Any CPU.Build.0 = Debug|Any CPU
		{FDE9FAB3-A383-4E1B-87C1-9953B7D7C4F8}.Release|Any CPU.ActiveCfg = Release|Any CPU
		{FDE9FAB3-A383-4E1B-87C1-9953B7D7C4F8}.Release|Any CPU.Build.0 = Release|Any CPU
		{1B066C82-C546-4692-98B3-4DB59F64A14E}.Debug|Any CPU.ActiveCfg = Debug|Any CPU
		{1B066C82-C546-4692-98B3-4DB59F64A14E}.Debug|Any CPU.Build.0 = Debug|Any CPU
		{1B066C82-C546-4692-98B3-4DB59F64A14E}.Release|Any CPU.ActiveCfg = Release|Any CPU
		{1B066C82-C546-4692-98B3-4DB59F64A14E}.Release|Any CPU.Build.0 = Release|Any CPU
		{1BB91C7D-67C1-4B67-8782-E20C41BBE6A6}.Debug|Any CPU.ActiveCfg = Debug|Any CPU
		{1BB91C7D-67C1-4B67-8782-E20C41BBE6A6}.Debug|Any CPU.Build.0 = Debug|Any CPU
		{1BB91C7D-67C1-4B67-8782-E20C41BBE6A6}.Release|Any CPU.ActiveCfg = Release|Any CPU
		{1BB91C7D-67C1-4B67-8782-E20C41BBE6A6}.Release|Any CPU.Build.0 = Release|Any CPU
	EndGlobalSection
	GlobalSection(SolutionProperties) = preSolution
		HideSolutionNode = FALSE
	EndGlobalSection
EndGlobal
